// !$*UTF8*$!
{
	archiveVersion = 1;
	classes = {
	};
	objectVersion = 50;
	objects = {

/* Begin PBXBuildFile section */
		35983156247AC8FC00DF4F25 /* AppDelegate.swift in Sources */ = {isa = PBXBuildFile; fileRef = 35983155247AC8FC00DF4F25 /* AppDelegate.swift */; };
		35983158247AC8FC00DF4F25 /* ViewController.swift in Sources */ = {isa = PBXBuildFile; fileRef = 35983157247AC8FC00DF4F25 /* ViewController.swift */; };
		3598315A247AC8FC00DF4F25 /* Experience.rcproject in Sources */ = {isa = PBXBuildFile; fileRef = 35983159247AC8FC00DF4F25 /* Experience.rcproject */; };
		3598315D247AC8FC00DF4F25 /* Main.storyboard in Resources */ = {isa = PBXBuildFile; fileRef = 3598315B247AC8FC00DF4F25 /* Main.storyboard */; };
		3598315F247AC8FE00DF4F25 /* Assets.xcassets in Resources */ = {isa = PBXBuildFile; fileRef = 3598315E247AC8FE00DF4F25 /* Assets.xcassets */; };
		35983162247AC8FE00DF4F25 /* LaunchScreen.storyboard in Resources */ = {isa = PBXBuildFile; fileRef = 35983160247AC8FE00DF4F25 /* LaunchScreen.storyboard */; };
		3598316D247AC8FE00DF4F25 /* VicksExpressTests.swift in Sources */ = {isa = PBXBuildFile; fileRef = 3598316C247AC8FE00DF4F25 /* VicksExpressTests.swift */; };
		35983178247AC8FE00DF4F25 /* VicksExpressUITests.swift in Sources */ = {isa = PBXBuildFile; fileRef = 35983177247AC8FE00DF4F25 /* VicksExpressUITests.swift */; };
/* End PBXBuildFile section */

/* Begin PBXContainerItemProxy section */
		35983169247AC8FE00DF4F25 /* PBXContainerItemProxy */ = {
			isa = PBXContainerItemProxy;
			containerPortal = 3598314A247AC8FC00DF4F25 /* Project object */;
			proxyType = 1;
			remoteGlobalIDString = 35983151247AC8FC00DF4F25;
			remoteInfo = VicksExpress;
		};
		35983174247AC8FE00DF4F25 /* PBXContainerItemProxy */ = {
			isa = PBXContainerItemProxy;
			containerPortal = 3598314A247AC8FC00DF4F25 /* Project object */;
			proxyType = 1;
			remoteGlobalIDString = 35983151247AC8FC00DF4F25;
			remoteInfo = VicksExpress;
		};
/* End PBXContainerItemProxy section */

/* Begin PBXFileReference section */
		35983152247AC8FC00DF4F25 /* VicksExpress.app */ = {isa = PBXFileReference; explicitFileType = wrapper.application; includeInIndex = 0; path = VicksExpress.app; sourceTree = BUILT_PRODUCTS_DIR; };
		35983155247AC8FC00DF4F25 /* AppDelegate.swift */ = {isa = PBXFileReference; lastKnownFileType = sourcecode.swift; path = AppDelegate.swift; sourceTree = "<group>"; };
		35983157247AC8FC00DF4F25 /* ViewController.swift */ = {isa = PBXFileReference; lastKnownFileType = sourcecode.swift; path = ViewController.swift; sourceTree = "<group>"; };
		35983159247AC8FC00DF4F25 /* Experience.rcproject */ = {isa = PBXFileReference; lastKnownFileType = file.rcproject; path = Experience.rcproject; sourceTree = "<group>"; };
		3598315C247AC8FC00DF4F25 /* Base */ = {isa = PBXFileReference; lastKnownFileType = file.storyboard; name = Base; path = Base.lproj/Main.storyboard; sourceTree = "<group>"; };
		3598315E247AC8FE00DF4F25 /* Assets.xcassets */ = {isa = PBXFileReference; lastKnownFileType = folder.assetcatalog; path = Assets.xcassets; sourceTree = "<group>"; };
		35983161247AC8FE00DF4F25 /* Base */ = {isa = PBXFileReference; lastKnownFileType = file.storyboard; name = Base; path = Base.lproj/LaunchScreen.storyboard; sourceTree = "<group>"; };
		35983163247AC8FE00DF4F25 /* Info.plist */ = {isa = PBXFileReference; lastKnownFileType = text.plist.xml; path = Info.plist; sourceTree = "<group>"; };
		35983168247AC8FE00DF4F25 /* VicksExpressTests.xctest */ = {isa = PBXFileReference; explicitFileType = wrapper.cfbundle; includeInIndex = 0; path = VicksExpressTests.xctest; sourceTree = BUILT_PRODUCTS_DIR; };
		3598316C247AC8FE00DF4F25 /* VicksExpressTests.swift */ = {isa = PBXFileReference; lastKnownFileType = sourcecode.swift; path = VicksExpressTests.swift; sourceTree = "<group>"; };
		3598316E247AC8FE00DF4F25 /* Info.plist */ = {isa = PBXFileReference; lastKnownFileType = text.plist.xml; path = Info.plist; sourceTree = "<group>"; };
		35983173247AC8FE00DF4F25 /* VicksExpressUITests.xctest */ = {isa = PBXFileReference; explicitFileType = wrapper.cfbundle; includeInIndex = 0; path = VicksExpressUITests.xctest; sourceTree = BUILT_PRODUCTS_DIR; };
		35983177247AC8FE00DF4F25 /* VicksExpressUITests.swift */ = {isa = PBXFileReference; lastKnownFileType = sourcecode.swift; path = VicksExpressUITests.swift; sourceTree = "<group>"; };
		35983179247AC8FE00DF4F25 /* Info.plist */ = {isa = PBXFileReference; lastKnownFileType = text.plist.xml; path = Info.plist; sourceTree = "<group>"; };
/* End PBXFileReference section */

/* Begin PBXFrameworksBuildPhase section */
		3598314F247AC8FC00DF4F25 /* Frameworks */ = {
			isa = PBXFrameworksBuildPhase;
			buildActionMask = 2147483647;
			files = (
			);
			runOnlyForDeploymentPostprocessing = 0;
		};
		35983165247AC8FE00DF4F25 /* Frameworks */ = {
			isa = PBXFrameworksBuildPhase;
			buildActionMask = 2147483647;
			files = (
			);
			runOnlyForDeploymentPostprocessing = 0;
		};
		35983170247AC8FE00DF4F25 /* Frameworks */ = {
			isa = PBXFrameworksBuildPhase;
			buildActionMask = 2147483647;
			files = (
			);
			runOnlyForDeploymentPostprocessing = 0;
		};
/* End PBXFrameworksBuildPhase section */

/* Begin PBXGroup section */
		35983149247AC8FC00DF4F25 = {
			isa = PBXGroup;
			children = (
				35983154247AC8FC00DF4F25 /* VicksExpress */,
				3598316B247AC8FE00DF4F25 /* VicksExpressTests */,
				35983176247AC8FE00DF4F25 /* VicksExpressUITests */,
				35983153247AC8FC00DF4F25 /* Products */,
			);
			sourceTree = "<group>";
		};
		35983153247AC8FC00DF4F25 /* Products */ = {
			isa = PBXGroup;
			children = (
				35983152247AC8FC00DF4F25 /* VicksExpress.app */,
				35983168247AC8FE00DF4F25 /* VicksExpressTests.xctest */,
				35983173247AC8FE00DF4F25 /* VicksExpressUITests.xctest */,
			);
			name = Products;
			sourceTree = "<group>";
		};
		35983154247AC8FC00DF4F25 /* VicksExpress */ = {
			isa = PBXGroup;
			children = (
				35983155247AC8FC00DF4F25 /* AppDelegate.swift */,
				35983157247AC8FC00DF4F25 /* ViewController.swift */,
				35983159247AC8FC00DF4F25 /* Experience.rcproject */,
				3598315B247AC8FC00DF4F25 /* Main.storyboard */,
				3598315E247AC8FE00DF4F25 /* Assets.xcassets */,
				35983160247AC8FE00DF4F25 /* LaunchScreen.storyboard */,
				35983163247AC8FE00DF4F25 /* Info.plist */,
			);
			path = VicksExpress;
			sourceTree = "<group>";
		};
		3598316B247AC8FE00DF4F25 /* VicksExpressTests */ = {
			isa = PBXGroup;
			children = (
				3598316C247AC8FE00DF4F25 /* VicksExpressTests.swift */,
				3598316E247AC8FE00DF4F25 /* Info.plist */,
			);
			path = VicksExpressTests;
			sourceTree = "<group>";
		};
		35983176247AC8FE00DF4F25 /* VicksExpressUITests */ = {
			isa = PBXGroup;
			children = (
				35983177247AC8FE00DF4F25 /* VicksExpressUITests.swift */,
				35983179247AC8FE00DF4F25 /* Info.plist */,
			);
			path = VicksExpressUITests;
			sourceTree = "<group>";
		};
/* End PBXGroup section */

/* Begin PBXNativeTarget section */
		35983151247AC8FC00DF4F25 /* VicksExpress */ = {
			isa = PBXNativeTarget;
			buildConfigurationList = 3598317C247AC8FE00DF4F25 /* Build configuration list for PBXNativeTarget "VicksExpress" */;
			buildPhases = (
				3598314E247AC8FC00DF4F25 /* Sources */,
				3598314F247AC8FC00DF4F25 /* Frameworks */,
				35983150247AC8FC00DF4F25 /* Resources */,
			);
			buildRules = (
			);
			dependencies = (
			);
			name = VicksExpress;
			productName = VicksExpress;
			productReference = 35983152247AC8FC00DF4F25 /* VicksExpress.app */;
			productType = "com.apple.product-type.application";
		};
		35983167247AC8FE00DF4F25 /* VicksExpressTests */ = {
			isa = PBXNativeTarget;
			buildConfigurationList = 3598317F247AC8FE00DF4F25 /* Build configuration list for PBXNativeTarget "VicksExpressTests" */;
			buildPhases = (
				35983164247AC8FE00DF4F25 /* Sources */,
				35983165247AC8FE00DF4F25 /* Frameworks */,
				35983166247AC8FE00DF4F25 /* Resources */,
			);
			buildRules = (
			);
			dependencies = (
				3598316A247AC8FE00DF4F25 /* PBXTargetDependency */,
			);
			name = VicksExpressTests;
			productName = VicksExpressTests;
			productReference = 35983168247AC8FE00DF4F25 /* VicksExpressTests.xctest */;
			productType = "com.apple.product-type.bundle.unit-test";
		};
		35983172247AC8FE00DF4F25 /* VicksExpressUITests */ = {
			isa = PBXNativeTarget;
			buildConfigurationList = 35983182247AC8FE00DF4F25 /* Build configuration list for PBXNativeTarget "VicksExpressUITests" */;
			buildPhases = (
				3598316F247AC8FE00DF4F25 /* Sources */,
				35983170247AC8FE00DF4F25 /* Frameworks */,
				35983171247AC8FE00DF4F25 /* Resources */,
			);
			buildRules = (
			);
			dependencies = (
				35983175247AC8FE00DF4F25 /* PBXTargetDependency */,
			);
			name = VicksExpressUITests;
			productName = VicksExpressUITests;
			productReference = 35983173247AC8FE00DF4F25 /* VicksExpressUITests.xctest */;
			productType = "com.apple.product-type.bundle.ui-testing";
		};
/* End PBXNativeTarget section */

/* Begin PBXProject section */
		3598314A247AC8FC00DF4F25 /* Project object */ = {
			isa = PBXProject;
			attributes = {
				LastSwiftUpdateCheck = 1150;
				LastUpgradeCheck = 1150;
				ORGANIZATIONNAME = "Leo Kuyper";
				TargetAttributes = {
					35983151247AC8FC00DF4F25 = {
						CreatedOnToolsVersion = 11.5;
					};
					35983167247AC8FE00DF4F25 = {
						CreatedOnToolsVersion = 11.5;
						TestTargetID = 35983151247AC8FC00DF4F25;
					};
					35983172247AC8FE00DF4F25 = {
						CreatedOnToolsVersion = 11.5;
						TestTargetID = 35983151247AC8FC00DF4F25;
					};
				};
			};
			buildConfigurationList = 3598314D247AC8FC00DF4F25 /* Build configuration list for PBXProject "VicksExpress" */;
			compatibilityVersion = "Xcode 9.3";
			developmentRegion = en;
			hasScannedForEncodings = 0;
			knownRegions = (
				en,
				Base,
			);
			mainGroup = 35983149247AC8FC00DF4F25;
			productRefGroup = 35983153247AC8FC00DF4F25 /* Products */;
			projectDirPath = "";
			projectRoot = "";
			targets = (
				35983151247AC8FC00DF4F25 /* VicksExpress */,
				35983167247AC8FE00DF4F25 /* VicksExpressTests */,
				35983172247AC8FE00DF4F25 /* VicksExpressUITests */,
			);
		};
/* End PBXProject section */

/* Begin PBXResourcesBuildPhase section */
		35983150247AC8FC00DF4F25 /* Resources */ = {
			isa = PBXResourcesBuildPhase;
			buildActionMask = 2147483647;
			files = (
				35983162247AC8FE00DF4F25 /* LaunchScreen.storyboard in Resources */,
				3598315F247AC8FE00DF4F25 /* Assets.xcassets in Resources */,
				3598315D247AC8FC00DF4F25 /* Main.storyboard in Resources */,
			);
			runOnlyForDeploymentPostprocessing = 0;
		};
		35983166247AC8FE00DF4F25 /* Resources */ = {
			isa = PBXResourcesBuildPhase;
			buildActionMask = 2147483647;
			files = (
			);
			runOnlyForDeploymentPostprocessing = 0;
		};
		35983171247AC8FE00DF4F25 /* Resources */ = {
			isa = PBXResourcesBuildPhase;
			buildActionMask = 2147483647;
			files = (
			);
			runOnlyForDeploymentPostprocessing = 0;
		};
/* End PBXResourcesBuildPhase section */

/* Begin PBXSourcesBuildPhase section */
		3598314E247AC8FC00DF4F25 /* Sources */ = {
			isa = PBXSourcesBuildPhase;
			buildActionMask = 2147483647;
			files = (
				35983158247AC8FC00DF4F25 /* ViewController.swift in Sources */,
				35983156247AC8FC00DF4F25 /* AppDelegate.swift in Sources */,
				3598315A247AC8FC00DF4F25 /* Experience.rcproject in Sources */,
			);
			runOnlyForDeploymentPostprocessing = 0;
		};
		35983164247AC8FE00DF4F25 /* Sources */ = {
			isa = PBXSourcesBuildPhase;
			buildActionMask = 2147483647;
			files = (
				3598316D247AC8FE00DF4F25 /* VicksExpressTests.swift in Sources */,
			);
			runOnlyForDeploymentPostprocessing = 0;
		};
		3598316F247AC8FE00DF4F25 /* Sources */ = {
			isa = PBXSourcesBuildPhase;
			buildActionMask = 2147483647;
			files = (
				35983178247AC8FE00DF4F25 /* VicksExpressUITests.swift in Sources */,
			);
			runOnlyForDeploymentPostprocessing = 0;
		};
/* End PBXSourcesBuildPhase section */

/* Begin PBXTargetDependency section */
		3598316A247AC8FE00DF4F25 /* PBXTargetDependency */ = {
			isa = PBXTargetDependency;
			target = 35983151247AC8FC00DF4F25 /* VicksExpress */;
			targetProxy = 35983169247AC8FE00DF4F25 /* PBXContainerItemProxy */;
		};
		35983175247AC8FE00DF4F25 /* PBXTargetDependency */ = {
			isa = PBXTargetDependency;
			target = 35983151247AC8FC00DF4F25 /* VicksExpress */;
			targetProxy = 35983174247AC8FE00DF4F25 /* PBXContainerItemProxy */;
		};
/* End PBXTargetDependency section */

/* Begin PBXVariantGroup section */
		3598315B247AC8FC00DF4F25 /* Main.storyboard */ = {
			isa = PBXVariantGroup;
			children = (
				3598315C247AC8FC00DF4F25 /* Base */,
			);
			name = Main.storyboard;
			sourceTree = "<group>";
		};
		35983160247AC8FE00DF4F25 /* LaunchScreen.storyboard */ = {
			isa = PBXVariantGroup;
			children = (
				35983161247AC8FE00DF4F25 /* Base */,
			);
			name = LaunchScreen.storyboard;
			sourceTree = "<group>";
		};
/* End PBXVariantGroup section */

/* Begin XCBuildConfiguration section */
		3598317A247AC8FE00DF4F25 /* Debug */ = {
			isa = XCBuildConfiguration;
			buildSettings = {
				ALWAYS_SEARCH_USER_PATHS = NO;
				CLANG_ANALYZER_NONNULL = YES;
				CLANG_ANALYZER_NUMBER_OBJECT_CONVERSION = YES_AGGRESSIVE;
				CLANG_CXX_LANGUAGE_STANDARD = "gnu++14";
				CLANG_CXX_LIBRARY = "libc++";
				CLANG_ENABLE_MODULES = YES;
				CLANG_ENABLE_OBJC_ARC = YES;
				CLANG_ENABLE_OBJC_WEAK = YES;
				CLANG_WARN_BLOCK_CAPTURE_AUTORELEASING = YES;
				CLANG_WARN_BOOL_CONVERSION = YES;
				CLANG_WARN_COMMA = YES;
				CLANG_WARN_CONSTANT_CONVERSION = YES;
				CLANG_WARN_DEPRECATED_OBJC_IMPLEMENTATIONS = YES;
				CLANG_WARN_DIRECT_OBJC_ISA_USAGE = YES_ERROR;
				CLANG_WARN_DOCUMENTATION_COMMENTS = YES;
				CLANG_WARN_EMPTY_BODY = YES;
				CLANG_WARN_ENUM_CONVERSION = YES;
				CLANG_WARN_INFINITE_RECURSION = YES;
				CLANG_WARN_INT_CONVERSION = YES;
				CLANG_WARN_NON_LITERAL_NULL_CONVERSION = YES;
				CLANG_WARN_OBJC_IMPLICIT_RETAIN_SELF = YES;
				CLANG_WARN_OBJC_LITERAL_CONVERSION = YES;
				CLANG_WARN_OBJC_ROOT_CLASS = YES_ERROR;
				CLANG_WARN_RANGE_LOOP_ANALYSIS = YES;
				CLANG_WARN_STRICT_PROTOTYPES = YES;
				CLANG_WARN_SUSPICIOUS_MOVE = YES;
				CLANG_WARN_UNGUARDED_AVAILABILITY = YES_AGGRESSIVE;
				CLANG_WARN_UNREACHABLE_CODE = YES;
				CLANG_WARN__DUPLICATE_METHOD_MATCH = YES;
				COPY_PHASE_STRIP = NO;
				DEBUG_INFORMATION_FORMAT = dwarf;
				ENABLE_STRICT_OBJC_MSGSEND = YES;
				ENABLE_TESTABILITY = YES;
				GCC_C_LANGUAGE_STANDARD = gnu11;
				GCC_DYNAMIC_NO_PIC = NO;
				GCC_NO_COMMON_BLOCKS = YES;
				GCC_OPTIMIZATION_LEVEL = 0;
				GCC_PREPROCESSOR_DEFINITIONS = (
					"DEBUG=1",
					"$(inherited)",
				);
				GCC_WARN_64_TO_32_BIT_CONVERSION = YES;
				GCC_WARN_ABOUT_RETURN_TYPE = YES_ERROR;
				GCC_WARN_UNDECLARED_SELECTOR = YES;
				GCC_WARN_UNINITIALIZED_AUTOS = YES_AGGRESSIVE;
				GCC_WARN_UNUSED_FUNCTION = YES;
				GCC_WARN_UNUSED_VARIABLE = YES;
				IPHONEOS_DEPLOYMENT_TARGET = 13.5;
				MTL_ENABLE_DEBUG_INFO = INCLUDE_SOURCE;
				MTL_FAST_MATH = YES;
				ONLY_ACTIVE_ARCH = YES;
				SDKROOT = iphoneos;
				SWIFT_ACTIVE_COMPILATION_CONDITIONS = DEBUG;
				SWIFT_OPTIMIZATION_LEVEL = "-Onone";
			};
			name = Debug;
		};
		3598317B247AC8FE00DF4F25 /* Release */ = {
			isa = XCBuildConfiguration;
			buildSettings = {
				ALWAYS_SEARCH_USER_PATHS = NO;
				CLANG_ANALYZER_NONNULL = YES;
				CLANG_ANALYZER_NUMBER_OBJECT_CONVERSION = YES_AGGRESSIVE;
				CLANG_CXX_LANGUAGE_STANDARD = "gnu++14";
				CLANG_CXX_LIBRARY = "libc++";
				CLANG_ENABLE_MODULES = YES;
				CLANG_ENABLE_OBJC_ARC = YES;
				CLANG_ENABLE_OBJC_WEAK = YES;
				CLANG_WARN_BLOCK_CAPTURE_AUTORELEASING = YES;
				CLANG_WARN_BOOL_CONVERSION = YES;
				CLANG_WARN_COMMA = YES;
				CLANG_WARN_CONSTANT_CONVERSION = YES;
				CLANG_WARN_DEPRECATED_OBJC_IMPLEMENTATIONS = YES;
				CLANG_WARN_DIRECT_OBJC_ISA_USAGE = YES_ERROR;
				CLANG_WARN_DOCUMENTATION_COMMENTS = YES;
				CLANG_WARN_EMPTY_BODY = YES;
				CLANG_WARN_ENUM_CONVERSION = YES;
				CLANG_WARN_INFINITE_RECURSION = YES;
				CLANG_WARN_INT_CONVERSION = YES;
				CLANG_WARN_NON_LITERAL_NULL_CONVERSION = YES;
				CLANG_WARN_OBJC_IMPLICIT_RETAIN_SELF = YES;
				CLANG_WARN_OBJC_LITERAL_CONVERSION = YES;
				CLANG_WARN_OBJC_ROOT_CLASS = YES_ERROR;
				CLANG_WARN_RANGE_LOOP_ANALYSIS = YES;
				CLANG_WARN_STRICT_PROTOTYPES = YES;
				CLANG_WARN_SUSPICIOUS_MOVE = YES;
				CLANG_WARN_UNGUARDED_AVAILABILITY = YES_AGGRESSIVE;
				CLANG_WARN_UNREACHABLE_CODE = YES;
				CLANG_WARN__DUPLICATE_METHOD_MATCH = YES;
				COPY_PHASE_STRIP = NO;
				DEBUG_INFORMATION_FORMAT = "dwarf-with-dsym";
				ENABLE_NS_ASSERTIONS = NO;
				ENABLE_STRICT_OBJC_MSGSEND = YES;
				GCC_C_LANGUAGE_STANDARD = gnu11;
				GCC_NO_COMMON_BLOCKS = YES;
				GCC_WARN_64_TO_32_BIT_CONVERSION = YES;
				GCC_WARN_ABOUT_RETURN_TYPE = YES_ERROR;
				GCC_WARN_UNDECLARED_SELECTOR = YES;
				GCC_WARN_UNINITIALIZED_AUTOS = YES_AGGRESSIVE;
				GCC_WARN_UNUSED_FUNCTION = YES;
				GCC_WARN_UNUSED_VARIABLE = YES;
				IPHONEOS_DEPLOYMENT_TARGET = 13.5;
				MTL_ENABLE_DEBUG_INFO = NO;
				MTL_FAST_MATH = YES;
				SDKROOT = iphoneos;
				SWIFT_COMPILATION_MODE = wholemodule;
				SWIFT_OPTIMIZATION_LEVEL = "-O";
				VALIDATE_PRODUCT = YES;
			};
			name = Release;
		};
		3598317D247AC8FE00DF4F25 /* Debug */ = {
			isa = XCBuildConfiguration;
			buildSettings = {
				ASSETCATALOG_COMPILER_APPICON_NAME = AppIcon;
				CODE_SIGN_STYLE = Automatic;
				DEVELOPMENT_TEAM = J766R82Z52;
				INFOPLIST_FILE = VicksExpress/Info.plist;
				LD_RUNPATH_SEARCH_PATHS = (
					"$(inherited)",
					"@executable_path/Frameworks",
				);
				PRODUCT_BUNDLE_IDENTIFIER = com.LeoKuyper.VicksExpress;
				PRODUCT_NAME = "$(TARGET_NAME)";
				SWIFT_VERSION = 5.0;
				TARGETED_DEVICE_FAMILY = "1,2";
			};
			name = Debug;
		};
		3598317E247AC8FE00DF4F25 /* Release */ = {
			isa = XCBuildConfiguration;
			buildSettings = {
				ASSETCATALOG_COMPILER_APPICON_NAME = AppIcon;
				CODE_SIGN_STYLE = Automatic;
				DEVELOPMENT_TEAM = J766R82Z52;
				INFOPLIST_FILE = VicksExpress/Info.plist;
				LD_RUNPATH_SEARCH_PATHS = (
					"$(inherited)",
					"@executable_path/Frameworks",
				);
				PRODUCT_BUNDLE_IDENTIFIER = com.LeoKuyper.VicksExpress;
				PRODUCT_NAME = "$(TARGET_NAME)";
				SWIFT_VERSION = 5.0;
				TARGETED_DEVICE_FAMILY = "1,2";
			};
			name = Release;
		};
		35983180247AC8FE00DF4F25 /* Debug */ = {
			isa = XCBuildConfiguration;
			buildSettings = {
				ALWAYS_EMBED_SWIFT_STANDARD_LIBRARIES = YES;
				BUNDLE_LOADER = "$(TEST_HOST)";
				CODE_SIGN_STYLE = Automatic;
				DEVELOPMENT_TEAM = J766R82Z52;
				INFOPLIST_FILE = VicksExpressTests/Info.plist;
				IPHONEOS_DEPLOYMENT_TARGET = 13.5;
				LD_RUNPATH_SEARCH_PATHS = (
					"$(inherited)",
					"@executable_path/Frameworks",
					"@loader_path/Frameworks",
				);
				PRODUCT_BUNDLE_IDENTIFIER = com.LeoKuyper.VicksExpressTests;
				PRODUCT_NAME = "$(TARGET_NAME)";
				SWIFT_VERSION = 5.0;
				TARGETED_DEVICE_FAMILY = "1,2";
				TEST_HOST = "$(BUILT_PRODUCTS_DIR)/VicksExpress.app/VicksExpress";
			};
			name = Debug;
		};
		35983181247AC8FE00DF4F25 /* Release */ = {
			isa = XCBuildConfiguration;
			buildSettings = {
				ALWAYS_EMBED_SWIFT_STANDARD_LIBRARIES = YES;
				BUNDLE_LOADER = "$(TEST_HOST)";
				CODE_SIGN_STYLE = Automatic;
				DEVELOPMENT_TEAM = J766R82Z52;
				INFOPLIST_FILE = VicksExpressTests/Info.plist;
				IPHONEOS_DEPLOYMENT_TARGET = 13.5;
				LD_RUNPATH_SEARCH_PATHS = (
					"$(inherited)",
					"@executable_path/Frameworks",
					"@loader_path/Frameworks",
				);
				PRODUCT_BUNDLE_IDENTIFIER = com.LeoKuyper.VicksExpressTests;
				PRODUCT_NAME = "$(TARGET_NAME)";
				SWIFT_VERSION = 5.0;
				TARGETED_DEVICE_FAMILY = "1,2";
				TEST_HOST = "$(BUILT_PRODUCTS_DIR)/VicksExpress.app/VicksExpress";
			};
			name = Release;
		};
		35983183247AC8FE00DF4F25 /* Debug */ = {
			isa = XCBuildConfiguration;
			buildSettings = {
				ALWAYS_EMBED_SWIFT_STANDARD_LIBRARIES = YES;
				CODE_SIGN_STYLE = Automatic;
				DEVELOPMENT_TEAM = J766R82Z52;
				INFOPLIST_FILE = VicksExpressUITests/Info.plist;
				LD_RUNPATH_SEARCH_PATHS = (
					"$(inherited)",
					"@executable_path/Frameworks",
					"@loader_path/Frameworks",
				);
				PRODUCT_BUNDLE_IDENTIFIER = com.LeoKuyper.VicksExpressUITests;
				PRODUCT_NAME = "$(TARGET_NAME)";
				SWIFT_VERSION = 5.0;
				TARGETED_DEVICE_FAMILY = "1,2";
				TEST_TARGET_NAME = VicksExpress;
			};
			name = Debug;
		};
		35983184247AC8FE00DF4F25 /* Release */ = {
			isa = XCBuildConfiguration;
			buildSettings = {
				ALWAYS_EMBED_SWIFT_STANDARD_LIBRARIES = YES;
				CODE_SIGN_STYLE = Automatic;
				DEVELOPMENT_TEAM = J766R82Z52;
				INFOPLIST_FILE = VicksExpressUITests/Info.plist;
				LD_RUNPATH_SEARCH_PATHS = (
					"$(inherited)",
					"@executable_path/Frameworks",
					"@loader_path/Frameworks",
				);
				PRODUCT_BUNDLE_IDENTIFIER = com.LeoKuyper.VicksExpressUITests;
				PRODUCT_NAME = "$(TARGET_NAME)";
				SWIFT_VERSION = 5.0;
				TARGETED_DEVICE_FAMILY = "1,2";
				TEST_TARGET_NAME = VicksExpress;
			};
			name = Release;
		};
/* End XCBuildConfiguration section */

/* Begin XCConfigurationList section */
		3598314D247AC8FC00DF4F25 /* Build configuration list for PBXProject "VicksExpress" */ = {
			isa = XCConfigurationList;
			buildConfigurations = (
				3598317A247AC8FE00DF4F25 /* Debug */,
				3598317B247AC8FE00DF4F25 /* Release */,
			);
			defaultConfigurationIsVisible = 0;
			defaultConfigurationName = Release;
		};
		3598317C247AC8FE00DF4F25 /* Build configuration list for PBXNativeTarget "VicksExpress" */ = {
			isa = XCConfigurationList;
			buildConfigurations = (
				3598317D247AC8FE00DF4F25 /* Debug */,
				3598317E247AC8FE00DF4F25 /* Release */,
			);
			defaultConfigurationIsVisible = 0;
			defaultConfigurationName = Release;
		};
		3598317F247AC8FE00DF4F25 /* Build configuration list for PBXNativeTarget "VicksExpressTests" */ = {
			isa = XCConfigurationList;
			buildConfigurations = (
				35983180247AC8FE00DF4F25 /* Debug */,
				35983181247AC8FE00DF4F25 /* Release */,
			);
			defaultConfigurationIsVisible = 0;
			defaultConfigurationName = Release;
		};
		35983182247AC8FE00DF4F25 /* Build configuration list for PBXNativeTarget "VicksExpressUITests" */ = {
			isa = XCConfigurationList;
			buildConfigurations = (
				35983183247AC8FE00DF4F25 /* Debug */,
				35983184247AC8FE00DF4F25 /* Release */,
			);
			defaultConfigurationIsVisible = 0;
			defaultConfigurationName = Release;
		};
/* End XCConfigurationList section */
	};
	rootObject = 3598314A247AC8FC00DF4F25 /* Project object */;
}
